{
  "name": "@leashed/api-agents",
  "version": "0.0.0",
  "lockfileVersion": 3,
  "requires": true,
  "packages": {
    "": {
      "name": "@leashed/api-agents",
      "version": "0.0.0",
      "dependencies": {
        "hono": "^4.6.0",
        "viem": "^2.57.3"
      },
      "devDependencies": {
        "@cloudflare/workers-types": "^4.20241001.0",
        "@types/node": "^22.0.0",
        "tsx": "^4.19.0",
        "typescript": "^5.6.0",
        "wrangler": "^4.0.0"
      }
    },
    "../../node_modules/.pnpm/@cloudflare+workers-types@4.20260702.1/node_modules/@cloudflare/workers-types": {
      "version": "4.20260702.1",
      "dev": true,
      "license": "MIT OR Apache-2.0"
    },
    "../../node_modules/.pnpm/@types+node@22.20.5/node_modules/@types/node": {
      "version": "22.20.5",
      "dev": true,
      "license": "MIT",
      "dependencies": {
        "undici-types": "~6.21.0"
      }
    },
    "../../node_modules/.pnpm/hono@4.13.13/node_modules/hono": {
      "version": "4.13.13",
      "license": "MIT",
      "devDependencies": {
        "@hono/node-server": "^2.0.12",
        "@types/jsdom": "^21.1.7",
        "@types/node": "^24.3.0",
        "@types/ws": "^8.18.1",
        "@typescript/native-preview": "7.0.0-dev.20260210.1",
        "@vitest/coverage-v8": "5.0.1",
        "bun-types": "^1.2.20",
        "editorconfig-checker": "6.2.0",
        "esbuild": "^0.27.1",
        "jsdom": "22.1.0",
        "msw": "^2.6.0",
        "np": "11.2.1",
        "pkg-pr-new": "^0.0.53",
        "publint": "0.3.15",
        "rolldown": "^1.2.10",
        "typescript": "^6.0.3",
        "vite-plugin-fastly-js-compute": "^0.4.2",
        "vite-plus": "1.0.0",
        "vitest": "5.0.1",
        "wrangler": "4.107.0",
        "ws": "^8.21.0",
        "zod": "^3.23.8"
      },
      "engines": {
        "node": ">=16.9.0"
      }
    },
    "../../node_modules/.pnpm/tsx@4.23.15/node_modules/tsx": {
      "version": "4.23.15",
      "dev": true,
      "license": "MIT",
      "dependencies": {
        "esbuild": "~0.28.0"
      },
      "bin": {
        "tsx": "dist/cli.mjs"
      },
      "engines": {
        "node": ">=18.0.0"
      },
      "optionalDependencies": {
        "fsevents": "~2.3.3"
      }
    },
    "../../node_modules/.pnpm/typescript@5.9.3/node_modules/typescript": {
      "version": "5.9.3",
      "devOptional": true,
      "license": "Apache-2.0",
      "bin": {
        "tsc": "bin/tsc",
        "tsserver": "bin/tsserver"
      },
      "devDependencies": {
        "@dprint/formatter": "^0.4.1",
        "@dprint/typescript": "0.93.4",
        "@esfx/canceltoken": "^1.0.0",
        "@eslint/js": "^9.20.0",
        "@octokit/rest": "^21.1.1",
        "@types/chai": "^4.3.20",
        "@types/diff": "^7.0.1",
        "@types/minimist": "^1.2.5",
        "@types/mocha": "^10.0.10",
        "@types/ms": "^0.7.34",
        "@types/node": "latest",
        "@types/source-map-support": "^0.5.10",
        "@types/which": "^3.0.4",
        "@typescript-eslint/rule-tester": "^8.24.1",
        "@typescript-eslint/type-utils": "^8.24.1",
        "@typescript-eslint/utils": "^8.24.1",
        "azure-devops-node-api": "^14.1.0",
        "c8": "^10.1.3",
        "chai": "^4.5.0",
        "chokidar": "^4.0.3",
        "diff": "^7.0.0",
        "dprint": "^0.49.0",
        "esbuild": "^0.25.0",
        "eslint": "^9.20.1",
        "eslint-formatter-autolinkable-stylish": "^1.4.0",
        "eslint-plugin-regexp": "^2.7.0",
        "fast-xml-parser": "^4.5.2",
        "glob": "^10.4.5",
        "globals": "^15.15.0",
        "hereby": "^1.10.0",
        "jsonc-parser": "^3.3.1",
        "knip": "^5.44.4",
        "minimist": "^1.2.8",
        "mocha": "^10.8.2",
        "mocha-fivemat-progress-reporter": "^0.1.0",
        "monocart-coverage-reports": "^2.12.1",
        "ms": "^2.1.3",
        "picocolors": "^1.1.1",
        "playwright": "^1.50.1",
        "source-map-support": "^0.5.21",
        "tslib": "^2.8.1",
        "typescript": "^5.7.3",
        "typescript-eslint": "^8.24.1",
        "which": "^3.0.1"
      },
      "engines": {
        "node": ">=14.17"
      }
    },
    "../../node_modules/.pnpm/wrangler@4.147.0_@cloudflare+workers-types@4.20260702.1_@types+node@22.20.5/node_modules/wrangler": {
      "version": "4.147.0",
      "dev": true,
      "license": "MIT OR Apache-2.0",
      "dependencies": {
        "@cloudflare/kv-asset-handler": "0.5.0",
        "@cloudflare/unenv-preset": "2.16.2",
        "blake3-wasm": "2.1.5",
        "esbuild": "0.28.1",
        "miniflare": "5.20261001.0-alpha",
        "path-to-regexp": "6.3.0",
        "unenv": "2.0.0-rc.24",
        "workerd": "1.20261001.1"
      },
      "bin": {
        "cf-wrangler": "bin/cf-wrangler.js",
        "wrangler": "bin/wrangler.js",
        "wrangler2": "bin/wrangler.js"
      },
      "devDependencies": {
        "@aws-sdk/client-s3": "^3.721.0",
        "@aws-sdk/s3-request-presigner": "^3.721.0",
        "@bomb.sh/tab": "^0.0.12",
        "@cloudflare/autoconfig": "0.7.5",
        "@cloudflare/build-output-utils": "0.8.5",
        "@cloudflare/cli-shared-helpers": "0.2.3",
        "@cloudflare/config": "0.23.0",
        "@cloudflare/containers-shared": "0.21.3",
        "@cloudflare/deploy-helpers": "0.19.2",
        "@cloudflare/pages-functions": "0.1.0",
        "@cloudflare/pages-shared": "^0.13.193",
        "@cloudflare/remote-bindings": "0.0.43",
        "@cloudflare/runtime-types": "0.1.7",
        "@cloudflare/shared-ast-primitives": "1.1.0",
        "@cloudflare/types": "6.18.4",
        "@cloudflare/workers-auth": "0.12.0",
        "@cloudflare/workers-shared": "0.20.0",
        "@cloudflare/workers-tsconfig": "0.0.0",
        "@cloudflare/workers-types": "^5.20261001.1",
        "@cloudflare/workers-utils": "0.46.0",
        "@cloudflare/workflows-shared": "0.15.0",
        "@cspotcode/source-map-support": "0.8.1",
        "@netlify/build-info": "10.5.1",
        "@sentry/node": "^7.86.0",
        "@sentry/types": "^7.86.0",
        "@sentry/utils": "^7.86.0",
        "@types/command-exists": "^1.2.0",
        "@types/esprima": "^4.0.3",
        "@types/glob-to-regexp": "^0.4.1",
        "@types/javascript-time-ago": "^2.0.3",
        "@types/mime": "^3.0.4",
        "@types/minimatch": "^5.1.2",
        "@types/node": "22.15.17",
        "@types/node-forge": "^1.3.11",
        "@types/prompts": "^2.0.14",
        "@types/resolve": "^1.20.6",
        "@types/shell-quote": "^1.7.2",
        "@types/supports-color": "^8.1.1",
        "@types/ws": "^8.5.7",
        "@types/yargs": "^17.0.22",
        "@vitest/ui": "4.1.0",
        "@webcontainer/env": "^1.1.0",
        "am-i-vibing": "^0.5.0",
        "capnweb": "0.12.0",
        "chalk": "5.3.0",
        "chokidar": "^4.0.1",
        "ci-info": "4.4.0",
        "cli-table3": "^0.6.3",
        "cloudflare": "^5.2.0",
        "cmd-shim": "^4.1.0",
        "command-exists": "1.2.9",
        "concurrently": "^8.2.2",
        "date-fns": "^4.1.0",
        "devtools-protocol": "^0.0.1182435",
        "dotenv": "16.3.1",
        "dotenv-expand": "^12.0.2",
        "empathic": "^2.0.0",
        "esprima": "4.0.1",
        "get-port": "^7.0.0",
        "glob-to-regexp": "^0.4.1",
        "https-proxy-agent": "7.0.2",
        "itty-time": "^1.0.6",
        "javascript-time-ago": "^2.5.4",
        "jsonc-parser": "3.2.0",
        "md5-file": "5.0.0",
        "mime": "^3.0.0",
        "minimatch": "^5.1.0",
        "mock-socket": "^9.3.1",
        "msw": "2.14.6",
        "node-forge": "^1.3.2",
        "open": "11.0.0",
        "p-queue": "^9.0.0",
        "patch-console": "^1.0.0",
        "pretty-bytes": "^6.0.0",
        "prompts": "^2.4.2",
        "qr": "^0.6.0",
        "recast": "0.23.11",
        "resolve": "^1.22.8",
        "rosie-skills": "^0.8.1",
        "semiver": "^1.1.0",
        "shell-quote": "^1.9.0",
        "signal-exit": "4.1.0",
        "smol-toml": "1.9.0",
        "supports-color": "^9.2.2",
        "timeago.js": "4.0.2",
        "tinyexec": "^1.2.4",
        "tree-kill": "1.2.2",
        "ts-dedent": "^2.2.0",
        "ts-json-schema-generator": "^1.5.0",
        "tsdown": "0.16.3",
        "tsup": "8.3.0",
        "typescript": "5.8.3",
        "undici": "7.29.1",
        "vitest": "4.1.0",
        "vitest-websocket-mock": "^0.4.0",
        "ws": "8.21.0",
        "xxhash-wasm": "^1.0.1",
        "yaml": "^2.8.1",
        "yargs": "^17.7.2",
        "zod": "4.4.3"
      },
      "engines": {
        "node": ">=22.0.0"
      },
      "optionalDependencies": {
        "fsevents": "2.3.3"
      },
      "peerDependencies": {
        "@cloudflare/workers-types": "^5.20261001.1"
      },
      "peerDependenciesMeta": {
        "@cloudflare/workers-types": {
          "optional": true
        }
      }
    },
    "node_modules/@adraffy/ens-normalize": {
      "version": "1.11.1",
      "resolved": "https://registry.npmjs.org/@adraffy/ens-normalize/-/ens-normalize-1.11.1.tgz",
      "integrity": "sha512-nhCBV3quEgesuf7c7KYfperqSS14T8bYuvJ8PcLJp6znkZpFc0AuW4qBtr8eKVyPPe/8RSr7sglCWPU5eaxwKQ==",
      "license": "MIT"
    },
    "node_modules/@cloudflare/workers-types": {
      "resolved": "../../node_modules/.pnpm/@cloudflare+workers-types@4.20260702.1/node_modules/@cloudflare/workers-types",
      "link": true
    },
    "node_modules/@noble/ciphers": {
      "version": "1.3.0",
      "resolved": "https://registry.npmjs.org/@noble/ciphers/-/ciphers-1.3.0.tgz",
      "integrity": "sha512-2I0gnIVPtfnMw9ee9h1dJG7tp81+8Ob3OJb3Mv37rx5L40/b0i7djjCVvGOVqc9AEIQyvyu1i6ypKdFw8R8gQw==",
      "license": "MIT",
      "engines": {
        "node": "^14.21.3 || >=16"
      },
      "funding": {
        "url": "https://paulmillr.com/funding/"
      }
    },
    "node_modules/@noble/curves": {
      "version": "1.9.1",
      "resolved": "https://registry.npmjs.org/@noble/curves/-/curves-1.9.1.tgz",
      "integrity": "sha512-k11yZxZg+t+gWvBbIswW0yoJlu8cHOC7dhunwOzoWH/mXGBiYyR4YY6hAEK/3EUs4UpB8la1RfdRpeGsFHkWsA==",
      "license": "MIT",
      "dependencies": {
        "@noble/hashes": "1.8.0"
      },
      "engines": {
        "node": "^14.21.3 || >=16"
      },
      "funding": {
        "url": "https://paulmillr.com/funding/"
      }
    },
    "node_modules/@noble/hashes": {
      "version": "1.8.0",
      "resolved": "https://registry.npmjs.org/@noble/hashes/-/hashes-1.8.0.tgz",
      "integrity": "sha512-jCs9ldd7NwzpgXDIf6P3+NrHh9/sD6CQdxHyjQI+h/6rDNo88ypBxxz45UDuZHz9r3tNz7N/VInSVoVdtXEI4A==",
      "license": "MIT",
      "engines": {
        "node": "^14.21.3 || >=16"
      },
      "funding": {
        "url": "https://paulmillr.com/funding/"
      }
    },
    "node_modules/@scure/base": {
      "version": "1.2.6",
      "resolved": "https://registry.npmjs.org/@scure/base/-/base-1.2.6.tgz",
      "integrity": "sha512-g/nm5FgUa//MCj1gV09zTJTaM6KBAHqLN907YVQqf7zC49+DcO4B1so4ZX07Ef10Twr6nuqYEH9GEggFXA4Fmg==",
      "license": "MIT",
      "funding": {
        "url": "https://paulmillr.com/funding/"
      }
    },
    "node_modules/@scure/bip32": {
      "version": "1.7.0",
      "resolved": "https://registry.npmjs.org/@scure/bip32/-/bip32-1.7.0.tgz",
      "integrity": "sha512-E4FFX/N3f4B80AKWp5dP6ow+flD1LQZo/w8UnLGYZO674jS6YnYeepycOOksv+vLPSpgN35wgKgy+ybfTb2SMw==",
      "license": "MIT",
      "dependencies": {
        "@noble/curves": "~1.9.0",
        "@noble/hashes": "~1.8.0",
        "@scure/base": "~1.2.5"
      },
      "funding": {
        "url": "https://paulmillr.com/funding/"
      }
    },
    "node_modules/@scure/bip39": {
      "version": "1.6.0",
      "resolved": "https://registry.npmjs.org/@scure/bip39/-/bip39-1.6.0.tgz",
      "integrity": "sha512-+lF0BbLiJNwVlev4eKelw1WWLaiKXw7sSl8T6FvBlWkdX+94aGJ4o8XjUdlyhTCjd8c+B3KT3JfS8P0bLRNU6A==",
      "license": "MIT",
      "dependencies": {
        "@noble/hashes": "~1.8.0",
        "@scure/base": "~1.2.5"
      },
      "funding": {
        "url": "https://paulmillr.com/funding/"
      }
    },
    "node_modules/@types/node": {
      "resolved": "../../node_modules/.pnpm/@types+node@22.20.5/node_modules/@types/node",
      "link": true
    },
    "node_modules/abitype": {
      "version": "1.2.3",
      "resolved": "https://registry.npmjs.org/abitype/-/abitype-1.2.3.tgz",
      "integrity": "sha512-Ofer5QUnuUdTFsBRwARMoWKOH1ND5ehwYhJ3OJ/BQO+StkwQjHw0XyVh4vDttzHB7QOFhPHa/o413PJ82gU/Tg==",
      "license": "MIT",
      "funding": {
        "url": "https://github.com/sponsors/wevm"
      },
      "peerDependencies": {
        "typescript": ">=5.0.4",
        "zod": "^3.22.0 || ^4.0.0"
      },
      "peerDependenciesMeta": {
        "typescript": {
          "optional": true
        },
        "zod": {
          "optional": true
        }
      }
    },
    "node_modules/eventemitter3": {
      "version": "5.0.1",
      "resolved": "https://registry.npmjs.org/eventemitter3/-/eventemitter3-5.0.1.tgz",
      "integrity": "sha512-GWkBvjiSZK87ELrYOSESUYeVIc9mvLLf/nXalMOS5dYrgZq9o5OVkbZAVM06CVxYsCwH9BDZFPlQTlPA1j4ahA==",
      "license": "MIT"
    },
    "node_modules/hono": {
      "resolved": "../../node_modules/.pnpm/hono@4.13.13/node_modules/hono",
      "link": true
    },
    "node_modules/isows": {
      "version": "1.0.7",
      "resolved": "https://registry.npmjs.org/isows/-/isows-1.0.7.tgz",
      "integrity": "sha512-I1fSfDCZL5P0v33sVqeTDSpcstAg/N+wF5HS033mogOVIp4B+oHC7oOCsA3axAbBSGTJ8QubbNmnIRN/h8U7hg==",
      "funding": [
        {
          "type": "github",
          "url": "https://github.com/sponsors/wevm"
        }
      ],
      "license": "MIT",
      "peerDependencies": {
        "ws": "*"
      }
    },
    "node_modules/ox": {
      "version": "0.14.45",
      "resolved": "https://registry.npmjs.org/ox/-/ox-0.14.45.tgz",
      "integrity": "sha512-jpsQ+p0JZh9mKCxxzxz0d5qFHZZg2/O9xW18IpEC/dNXXPVqmDJ0c//9RMz0CILkbSGPA42+cbU0fC/ghwJ03w==",
      "funding": [
        {
          "type": "github",
          "url": "https://github.com/sponsors/wevm"
        }
      ],
      "license": "MIT",
      "dependencies": {
        "@adraffy/ens-normalize": "^1.11.0",
        "@noble/ciphers": "^1.3.0",
        "@noble/curves": "1.9.1",
        "@noble/hashes": "^1.8.0",
        "@scure/bip32": "^1.7.0",
        "@scure/bip39": "^1.6.0",
        "abitype": "^1.2.3",
        "eventemitter3": "5.0.1"
      },
      "peerDependencies": {
        "typescript": ">=5.4.0"
      },
      "peerDependenciesMeta": {
        "typescript": {
          "optional": true
        }
      }
    },
    "node_modules/tsx": {
      "resolved": "../../node_modules/.pnpm/tsx@4.23.15/node_modules/tsx",
      "link": true
    },
    "node_modules/typescript": {
      "resolved": "../../node_modules/.pnpm/typescript@5.9.3/node_modules/typescript",
      "link": true
    },
    "node_modules/viem": {
      "version": "2.57.3",
      "resolved": "https://registry.npmjs.org/viem/-/viem-2.57.3.tgz",
      "integrity": "sha512-441q6Z42ZU7+mTJrYAjQsBpVWK76nyGQcKOCGT6hp+tBpw1XsnTIgKaqZFLTaW5xmBN1ummEFgzFWmR05FISTg==",
      "funding": [
        {
          "type": "github",
          "url": "https://github.com/sponsors/wevm"
        }
      ],
      "license": "MIT",
      "dependencies": {
        "@noble/curves": "1.9.1",
        "@noble/hashes": "1.8.0",
        "@scure/bip32": "1.7.0",
        "@scure/bip39": "1.6.0",
        "abitype": "1.2.3",
        "isows": "1.0.7",
        "ox": "0.14.45",
        "ws": "8.21.0"
      },
      "peerDependencies": {
        "typescript": ">=5.0.4"
      },
      "peerDependenciesMeta": {
        "typescript": {
          "optional": true
        }
      }
    },
    "node_modules/wrangler": {
      "resolved": "../../node_modules/.pnpm/wrangler@4.147.0_@cloudflare+workers-types@4.20260702.1_@types+node@22.20.5/node_modules/wrangler",
      "link": true
    },
    "node_modules/ws": {
      "version": "8.21.0",
      "resolved": "https://registry.npmjs.org/ws/-/ws-8.21.0.tgz",
      "integrity": "sha512-Vsp28b7DRcimFQvrqu2Wek3z1iYxDCWqHYB8Qsnk/S4RfaCQzPGPyBNuVjJV3cd6UiKtUtp6sNM77gWvzcCH+g==",
      "license": "MIT",
      "engines": {
        "node": ">=10.0.0"
      },
      "peerDependencies": {
        "bufferutil": "^4.0.1",
        "utf-8-validate": ">=5.0.2"
      },
      "peerDependenciesMeta": {
        "bufferutil": {
          "optional": true
        },
        "utf-8-validate": {
          "optional": true
        }
      }
    }
  }
}
